
Microsoft Visual Studio Solution File, Format Version 12.00
# Visual Studio Version 17
VisualStudioVersion = 17.8.34525.116
MinimumVisualStudioVersion = 10.0.40219.1
Project("{9A19103F-16F7-4668-BE54-9A1E7A4F7556}") = "TruthOrDareHelper", "TruthOrDareHelper\TruthOrDareHelper.csproj", "{13C812E9-0D42-4B95-8646-40EEBF30636F}"
EndProject
Project("{9A19103F-16F7-4668-BE54-9A1E7A4F7556}") = "Model", "Model\Model.csproj", "{9F516D4A-0E0D-4392-A904-845707D3612E}"
EndProject
Project("{FAE04EC0-301F-11D3-BF4B-00C04F79EFBC}") = "DalamudBasics", "DalamudBasics\DalamudBasics.csproj", "{C2AF9B00-FF11-462A-A86E-344FE231940F}"
EndProject
Global
	GlobalSection(SolutionConfigurationPlatforms) = preSolution
		Debug|Any CPU = Debug|Any CPU
		Debug|x64 = Debug|x64
		DebugForms|Any CPU = DebugForms|Any CPU
		DebugForms|x64 = DebugForms|x64
		Release|Any CPU = Release|Any CPU
		Release|x64 = Release|x64
		ReleaseForms|Any CPU = ReleaseForms|Any CPU
		ReleaseForms|x64 = ReleaseForms|x64
	EndGlobalSection
	GlobalSection(ProjectConfigurationPlatforms) = postSolution
		{13C812E9-0D42-4B95-8646-40EEBF30636F}.Debug|Any CPU.ActiveCfg = Debug|x64
		{13C812E9-0D42-4B95-8646-40EEBF30636F}.Debug|Any CPU.Build.0 = Debug|x64
		{13C812E9-0D42-4B95-8646-40EEBF30636F}.Debug|x64.ActiveCfg = Debug|x64
		{13C812E9-0D42-4B95-8646-40EEBF30636F}.Debug|x64.Build.0 = Debug|x64
		{13C812E9-0D42-4B95-8646-40EEBF30636F}.DebugForms|Any CPU.ActiveCfg = Debug|x64
		{13C812E9-0D42-4B95-8646-40EEBF30636F}.DebugForms|Any CPU.Build.0 = Debug|x64
		{13C812E9-0D42-4B95-8646-40EEBF30636F}.DebugForms|x64.ActiveCfg = Debug|x64
		{13C812E9-0D42-4B95-8646-40EEBF30636F}.DebugForms|x64.Build.0 = Debug|x64
		{13C812E9-0D42-4B95-8646-40EEBF30636F}.Release|Any CPU.ActiveCfg = Release|x64
		{13C812E9-0D42-4B95-8646-40EEBF30636F}.Release|Any CPU.Build.0 = Release|x64
		{13C812E9-0D42-4B95-8646-40EEBF30636F}.Release|x64.ActiveCfg = Release|x64
		{13C812E9-0D42-4B95-8646-40EEBF30636F}.Release|x64.Build.0 = Release|x64
		{13C812E9-0D42-4B95-8646-40EEBF30636F}.ReleaseForms|Any CPU.ActiveCfg = Release|x64
		{13C812E9-0D42-4B95-8646-40EEBF30636F}.ReleaseForms|Any CPU.Build.0 = Release|x64
		{13C812E9-0D42-4B95-8646-40EEBF30636F}.ReleaseForms|x64.ActiveCfg = Release|x64
		{13C812E9-0D42-4B95-8646-40EEBF30636F}.ReleaseForms|x64.Build.0 = Release|x64
		{9F516D4A-0E0D-4392-A904-845707D3612E}.Debug|Any CPU.ActiveCfg = Debug|Any CPU
		{9F516D4A-0E0D-4392-A904-845707D3612E}.Debug|Any CPU.Build.0 = Debug|Any CPU
		{9F516D4A-0E0D-4392-A904-845707D3612E}.Debug|x64.ActiveCfg = Debug|Any CPU
		{9F516D4A-0E0D-4392-A904-845707D3612E}.Debug|x64.Build.0 = Debug|Any CPU
		{9F516D4A-0E0D-4392-A904-845707D3612E}.DebugForms|Any CPU.ActiveCfg = Debug|Any CPU
		{9F516D4A-0E0D-4392-A904-845707D3612E}.DebugForms|Any CPU.Build.0 = Debug|Any CPU
		{9F516D4A-0E0D-4392-A904-845707D3612E}.DebugForms|x64.ActiveCfg = Debug|Any CPU
		{9F516D4A-0E0D-4392-A904-845707D3612E}.DebugForms|x64.Build.0 = Debug|Any CPU
		{9F516D4A-0E0D-4392-A904-845707D3612E}.Release|Any CPU.ActiveCfg = Release|Any CPU
		{9F516D4A-0E0D-4392-A904-845707D3612E}.Release|Any CPU.Build.0 = Release|Any CPU
		{9F516D4A-0E0D-4392-A904-845707D3612E}.Release|x64.ActiveCfg = Release|Any CPU
		{9F516D4A-0E0D-4392-A904-845707D3612E}.Release|x64.Build.0 = Release|Any CPU
		{9F516D4A-0E0D-4392-A904-845707D3612E}.ReleaseForms|Any CPU.ActiveCfg = Release|Any CPU
		{9F516D4A-0E0D-4392-A904-845707D3612E}.ReleaseForms|Any CPU.Build.0 = Release|Any CPU
		{9F516D4A-0E0D-4392-A904-845707D3612E}.ReleaseForms|x64.ActiveCfg = Release|Any CPU
		{9F516D4A-0E0D-4392-A904-845707D3612E}.ReleaseForms|x64.Build.0 = Release|Any CPU
		{C2AF9B00-FF11-462A-A86E-344FE231940F}.Debug|Any CPU.ActiveCfg = Debug|Any CPU
		{C2AF9B00-FF11-462A-A86E-344FE231940F}.Debug|Any CPU.Build.0 = Debug|Any CPU
		{C2AF9B00-FF11-462A-A86E-344FE231940F}.Debug|x64.ActiveCfg = Debug|Any CPU
		{C2AF9B00-FF11-462A-A86E-344FE231940F}.Debug|x64.Build.0 = Debug|Any CPU
		{C2AF9B00-FF11-462A-A86E-344FE231940F}.DebugForms|Any CPU.ActiveCfg = Debug|Any CPU
		{C2AF9B00-FF11-462A-A86E-344FE231940F}.DebugForms|Any CPU.Build.0 = Debug|Any CPU
		{C2AF9B00-FF11-462A-A86E-344FE231940F}.DebugForms|x64.ActiveCfg = Debug|Any CPU
		{C2AF9B00-FF11-462A-A86E-344FE231940F}.DebugForms|x64.Build.0 = Debug|Any CPU
		{C2AF9B00-FF11-462A-A86E-344FE231940F}.Release|Any CPU.ActiveCfg = Release|Any CPU
		{C2AF9B00-FF11-462A-A86E-344FE231940F}.Release|Any CPU.Build.0 = Release|Any CPU
		{C2AF9B00-FF11-462A-A86E-344FE231940F}.Release|x64.ActiveCfg = Release|Any CPU
		{C2AF9B00-FF11-462A-A86E-344FE231940F}.Release|x64.Build.0 = Release|Any CPU
		{C2AF9B00-FF11-462A-A86E-344FE231940F}.ReleaseForms|Any CPU.ActiveCfg = Release|Any CPU
		{C2AF9B00-FF11-462A-A86E-344FE231940F}.ReleaseForms|Any CPU.Build.0 = Release|Any CPU
		{C2AF9B00-FF11-462A-A86E-344FE231940F}.ReleaseForms|x64.ActiveCfg = Release|Any CPU
		{C2AF9B00-FF11-462A-A86E-344FE231940F}.ReleaseForms|x64.Build.0 = Release|Any CPU
	EndGlobalSection
	GlobalSection(SolutionProperties) = preSolution
		HideSolutionNode = FALSE
	EndGlobalSection
	GlobalSection(ExtensibilityGlobals) = postSolution
		SolutionGuid = {B17E85B1-5F60-4440-9F9A-3DDE877E8CDF}
	EndGlobalSection
EndGlobal
